
Microsoft Visual Studio Solution File, Format Version 12.00
# Visual Studio Version 17
VisualStudioVersion = 17.7.34221.43
MinimumVisualStudioVersion = 10.0.40219.1
Project("{FAE04EC0-301F-11D3-BF4B-00C04F79EFBC}") = "Simple-finance-tracker", "Simple-finance-tracker\Simple-finance-tracker.csproj", "{21D4EE38-64BB-40EB-A709-F4C318C754E9}"
EndProject
Global
	GlobalSection(SolutionConfigurationPlatforms) = preSolution
		Debug|Any CPU = Debug|Any CPU
		Release|Any CPU = Release|Any CPU
	EndGlobalSection
	GlobalSection(ProjectConfigurationPlatforms) = postSolution
		{21D4EE38-64BB-40EB-A709-F4C318C754E9}.Debug|Any CPU.ActiveCfg = Debug|Any CPU
		{21D4EE38-64BB-40EB-A709-F4C318C754E9}.Debug|Any CPU.Build.0 = Debug|Any CPU
		{21D4EE38-64BB-40EB-A709-F4C318C754E9}.Release|Any CPU.ActiveCfg = Release|Any CPU
		{21D4EE38-64BB-40EB-A709-F4C318C754E9}.Release|Any CPU.Build.0 = Release|Any CPU
	EndGlobalSection
	GlobalSection(SolutionProperties) = preSolution
		HideSolutionNode = FALSE
	EndGlobalSection
	GlobalSection(ExtensibilityGlobals) = postSolution
		SolutionGuid = {78A4D78E-5A9D-4015-B389-4261AAF741DE}
	EndGlobalSection
EndGlobal
